// !$*UTF8*$!
{
	archiveVersion = 1;
	classes = {
	};
	objectVersion = 46;
	objects = {

/* Begin PBXBuildFile section */
		C3EC52F6F21D4DC5A1F10500 /* libPods-ios.a in Frameworks */ = {isa = PBXBuildFile; fileRef = ADC09F2AE9564D008900DA94 /* libPods-ios.a */; };
		C66C7A081835554D00098659 /* NSMomentTest+LangNl.m in Sources */ = {isa = PBXBuildFile; fileRef = C66C7A071835554D00098659 /* NSMomentTest+LangNl.m */; };
		ED7DF6AE538742429A8AEA2C /* libPods-osx.a in Frameworks */ = {isa = PBXBuildFile; fileRef = AE61FE220675422EAEE6FB3F /* libPods-osx.a */; };
		F425CFC61828296E002CABDC /* XCTest.framework in Frameworks */ = {isa = PBXBuildFile; fileRef = F4605D41181C33E3007F83EF /* XCTest.framework */; };
		F425CFCC1828296E002CABDC /* InfoPlist.strings in Resources */ = {isa = PBXBuildFile; fileRef = F425CFCA1828296E002CABDC /* InfoPlist.strings */; };
		F425CFE2182844D1002CABDC /* NSMomentTests+Add_Substract.m in Sources */ = {isa = PBXBuildFile; fileRef = F425CFD7182844D1002CABDC /* NSMomentTests+Add_Substract.m */; };
		F425CFE3182844D1002CABDC /* NSMomentTests+Create.m in Sources */ = {isa = PBXBuildFile; fileRef = F425CFD8182844D1002CABDC /* NSMomentTests+Create.m */; };
		F425CFE4182844D1002CABDC /* NSMomentTests+Format.m in Sources */ = {isa = PBXBuildFile; fileRef = F425CFD9182844D1002CABDC /* NSMomentTests+Format.m */; };
		F425CFE5182844D1002CABDC /* NSMomentTests+Getters_Setters.m in Sources */ = {isa = PBXBuildFile; fileRef = F425CFDA182844D1002CABDC /* NSMomentTests+Getters_Setters.m */; };
		F425CFE6182844D1002CABDC /* NSMomentTests+Helpers.m in Sources */ = {isa = PBXBuildFile; fileRef = F425CFDB182844D1002CABDC /* NSMomentTests+Helpers.m */; };
		F425CFE7182844D1002CABDC /* NSMomentTests+SOD_EOD.m in Sources */ = {isa = PBXBuildFile; fileRef = F425CFDC182844D1002CABDC /* NSMomentTests+SOD_EOD.m */; };
		F425CFE8182844D1002CABDC /* NSMomentTest+LangEn.m in Sources */ = {isa = PBXBuildFile; fileRef = F425CFDE182844D1002CABDC /* NSMomentTest+LangEn.m */; };
		F425CFE9182844D1002CABDC /* NSMomentTest+LangEs.m in Sources */ = {isa = PBXBuildFile; fileRef = F425CFDF182844D1002CABDC /* NSMomentTest+LangEs.m */; };
		F425CFEA182844D1002CABDC /* NSMomentTest+LangFr.m in Sources */ = {isa = PBXBuildFile; fileRef = F425CFE0182844D1002CABDC /* NSMomentTest+LangFr.m */; };
		F425CFEB182844D1002CABDC /* NSMomentTest+LangSq.m in Sources */ = {isa = PBXBuildFile; fileRef = F425CFE1182844D1002CABDC /* NSMomentTest+LangSq.m */; };
		F425CFEC182844E1002CABDC /* NSMomentTests+Add_Substract.m in Sources */ = {isa = PBXBuildFile; fileRef = F425CFD7182844D1002CABDC /* NSMomentTests+Add_Substract.m */; };
		F425CFED182844E1002CABDC /* NSMomentTests+Create.m in Sources */ = {isa = PBXBuildFile; fileRef = F425CFD8182844D1002CABDC /* NSMomentTests+Create.m */; };
		F425CFEE182844E1002CABDC /* NSMomentTests+Format.m in Sources */ = {isa = PBXBuildFile; fileRef = F425CFD9182844D1002CABDC /* NSMomentTests+Format.m */; };
		F425CFEF182844E1002CABDC /* NSMomentTests+Getters_Setters.m in Sources */ = {isa = PBXBuildFile; fileRef = F425CFDA182844D1002CABDC /* NSMomentTests+Getters_Setters.m */; };
		F425CFF0182844E1002CABDC /* NSMomentTests+Helpers.m in Sources */ = {isa = PBXBuildFile; fileRef = F425CFDB182844D1002CABDC /* NSMomentTests+Helpers.m */; };
		F425CFF1182844E1002CABDC /* NSMomentTests+SOD_EOD.m in Sources */ = {isa = PBXBuildFile; fileRef = F425CFDC182844D1002CABDC /* NSMomentTests+SOD_EOD.m */; };
		F425CFF2182844E1002CABDC /* NSMomentTest+LangEn.m in Sources */ = {isa = PBXBuildFile; fileRef = F425CFDE182844D1002CABDC /* NSMomentTest+LangEn.m */; };
		F425CFF3182844E1002CABDC /* NSMomentTest+LangEs.m in Sources */ = {isa = PBXBuildFile; fileRef = F425CFDF182844D1002CABDC /* NSMomentTest+LangEs.m */; };
		F425CFF4182844E1002CABDC /* NSMomentTest+LangFr.m in Sources */ = {isa = PBXBuildFile; fileRef = F425CFE0182844D1002CABDC /* NSMomentTest+LangFr.m */; };
		F425CFF5182844E1002CABDC /* NSMomentTest+LangSq.m in Sources */ = {isa = PBXBuildFile; fileRef = F425CFE1182844D1002CABDC /* NSMomentTest+LangSq.m */; };
		F4605D3A181C33AA007F83EF /* InfoPlist.strings in Resources */ = {isa = PBXBuildFile; fileRef = F4605D38181C33AA007F83EF /* InfoPlist.strings */; };
		F4605D42181C33E3007F83EF /* XCTest.framework in Frameworks */ = {isa = PBXBuildFile; fileRef = F4605D41181C33E3007F83EF /* XCTest.framework */; };
		F4605D46181C33F2007F83EF /* UIKit.framework in Frameworks */ = {isa = PBXBuildFile; fileRef = F4605D45181C33F2007F83EF /* UIKit.framework */; };
		F4605D47181C3416007F83EF /* Foundation.framework in Frameworks */ = {isa = PBXBuildFile; fileRef = F4605D43181C33EA007F83EF /* Foundation.framework */; };
/* End PBXBuildFile section */

/* Begin PBXFileReference section */
		2F21035625A34A29A4656C6A /* Pods-ios.xcconfig */ = {isa = PBXFileReference; includeInIndex = 1; lastKnownFileType = text.xcconfig; name = "Pods-ios.xcconfig"; path = "Pods/Pods-ios.xcconfig"; sourceTree = "<group>"; };
		ADC09F2AE9564D008900DA94 /* libPods-ios.a */ = {isa = PBXFileReference; explicitFileType = archive.ar; includeInIndex = 0; path = "libPods-ios.a"; sourceTree = BUILT_PRODUCTS_DIR; };
		AE61FE220675422EAEE6FB3F /* libPods-osx.a */ = {isa = PBXFileReference; explicitFileType = archive.ar; includeInIndex = 0; path = "libPods-osx.a"; sourceTree = BUILT_PRODUCTS_DIR; };
		C66C7A071835554D00098659 /* NSMomentTest+LangNl.m */ = {isa = PBXFileReference; fileEncoding = 4; lastKnownFileType = sourcecode.c.objc; path = "NSMomentTest+LangNl.m"; sourceTree = "<group>"; };
		D38986F8261947CDA37C4DDE /* Pods-osx.xcconfig */ = {isa = PBXFileReference; includeInIndex = 1; lastKnownFileType = text.xcconfig; name = "Pods-osx.xcconfig"; path = "Pods/Pods-osx.xcconfig"; sourceTree = "<group>"; };
		F425CFC018282516002CABDC /* iOSTests.xctest */ = {isa = PBXFileReference; explicitFileType = wrapper.cfbundle; includeInIndex = 0; path = iOSTests.xctest; sourceTree = BUILT_PRODUCTS_DIR; };
		F425CFC51828296E002CABDC /* OSXTests.xctest */ = {isa = PBXFileReference; explicitFileType = wrapper.cfbundle; includeInIndex = 0; path = OSXTests.xctest; sourceTree = BUILT_PRODUCTS_DIR; };
		F425CFC91828296E002CABDC /* OSXTests-Info.plist */ = {isa = PBXFileReference; lastKnownFileType = text.plist.xml; path = "OSXTests-Info.plist"; sourceTree = "<group>"; };
		F425CFCB1828296E002CABDC /* en */ = {isa = PBXFileReference; lastKnownFileType = text.plist.strings; name = en; path = en.lproj/InfoPlist.strings; sourceTree = "<group>"; };
		F425CFCF1828296E002CABDC /* OSXTests-Prefix.pch */ = {isa = PBXFileReference; lastKnownFileType = sourcecode.c.h; path = "OSXTests-Prefix.pch"; sourceTree = "<group>"; };
		F425CFD7182844D1002CABDC /* NSMomentTests+Add_Substract.m */ = {isa = PBXFileReference; fileEncoding = 4; lastKnownFileType = sourcecode.c.objc; path = "NSMomentTests+Add_Substract.m"; sourceTree = "<group>"; };
		F425CFD8182844D1002CABDC /* NSMomentTests+Create.m */ = {isa = PBXFileReference; fileEncoding = 4; lastKnownFileType = sourcecode.c.objc; path = "NSMomentTests+Create.m"; sourceTree = "<group>"; };
		F425CFD9182844D1002CABDC /* NSMomentTests+Format.m */ = {isa = PBXFileReference; fileEncoding = 4; lastKnownFileType = sourcecode.c.objc; path = "NSMomentTests+Format.m"; sourceTree = "<group>"; };
		F425CFDA182844D1002CABDC /* NSMomentTests+Getters_Setters.m */ = {isa = PBXFileReference; fileEncoding = 4; lastKnownFileType = sourcecode.c.objc; path = "NSMomentTests+Getters_Setters.m"; sourceTree = "<group>"; };
		F425CFDB182844D1002CABDC /* NSMomentTests+Helpers.m */ = {isa = PBXFileReference; fileEncoding = 4; lastKnownFileType = sourcecode.c.objc; path = "NSMomentTests+Helpers.m"; sourceTree = "<group>"; };
		F425CFDC182844D1002CABDC /* NSMomentTests+SOD_EOD.m */ = {isa = PBXFileReference; fileEncoding = 4; lastKnownFileType = sourcecode.c.objc; path = "NSMomentTests+SOD_EOD.m"; sourceTree = "<group>"; };
		F425CFDE182844D1002CABDC /* NSMomentTest+LangEn.m */ = {isa = PBXFileReference; fileEncoding = 4; lastKnownFileType = sourcecode.c.objc; path = "NSMomentTest+LangEn.m"; sourceTree = "<group>"; };
		F425CFDF182844D1002CABDC /* NSMomentTest+LangEs.m */ = {isa = PBXFileReference; fileEncoding = 4; lastKnownFileType = sourcecode.c.objc; path = "NSMomentTest+LangEs.m"; sourceTree = "<group>"; };
		F425CFE0182844D1002CABDC /* NSMomentTest+LangFr.m */ = {isa = PBXFileReference; fileEncoding = 4; lastKnownFileType = sourcecode.c.objc; path = "NSMomentTest+LangFr.m"; sourceTree = "<group>"; };
		F425CFE1182844D1002CABDC /* NSMomentTest+LangSq.m */ = {isa = PBXFileReference; fileEncoding = 4; lastKnownFileType = sourcecode.c.objc; path = "NSMomentTest+LangSq.m"; sourceTree = "<group>"; };
		F4605D37181C33AA007F83EF /* iOSTests-Info.plist */ = {isa = PBXFileReference; lastKnownFileType = text.plist.xml; path = "iOSTests-Info.plist"; sourceTree = "<group>"; };
		F4605D39181C33AA007F83EF /* en */ = {isa = PBXFileReference; lastKnownFileType = text.plist.strings; name = en; path = en.lproj/InfoPlist.strings; sourceTree = "<group>"; };
		F4605D3D181C33AA007F83EF /* iOSTests-Prefix.pch */ = {isa = PBXFileReference; lastKnownFileType = sourcecode.c.h; path = "iOSTests-Prefix.pch"; sourceTree = "<group>"; };
		F4605D41181C33E3007F83EF /* XCTest.framework */ = {isa = PBXFileReference; lastKnownFileType = wrapper.framework; name = XCTest.framework; path = Library/Frameworks/XCTest.framework; sourceTree = DEVELOPER_DIR; };
		F4605D43181C33EA007F83EF /* Foundation.framework */ = {isa = PBXFileReference; lastKnownFileType = wrapper.framework; name = Foundation.framework; path = Platforms/iPhoneOS.platform/Developer/SDKs/iPhoneOS7.0.sdk/System/Library/Frameworks/Foundation.framework; sourceTree = DEVELOPER_DIR; };
		F4605D45181C33F2007F83EF /* UIKit.framework */ = {isa = PBXFileReference; lastKnownFileType = wrapper.framework; name = UIKit.framework; path = Platforms/iPhoneOS.platform/Developer/SDKs/iPhoneOS7.0.sdk/System/Library/Frameworks/UIKit.framework; sourceTree = DEVELOPER_DIR; };
/* End PBXFileReference section */

/* Begin PBXFrameworksBuildPhase section */
		F425CFC21828296E002CABDC /* Frameworks */ = {
			isa = PBXFrameworksBuildPhase;
			buildActionMask = 2147483647;
			files = (
				F425CFC61828296E002CABDC /* XCTest.framework in Frameworks */,
				ED7DF6AE538742429A8AEA2C /* libPods-osx.a in Frameworks */,
			);
			runOnlyForDeploymentPostprocessing = 0;
		};
		F4605D2A181C33AA007F83EF /* Frameworks */ = {
			isa = PBXFrameworksBuildPhase;
			buildActionMask = 2147483647;
			files = (
				F4605D47181C3416007F83EF /* Foundation.framework in Frameworks */,
				F4605D46181C33F2007F83EF /* UIKit.framework in Frameworks */,
				F4605D42181C33E3007F83EF /* XCTest.framework in Frameworks */,
				C3EC52F6F21D4DC5A1F10500 /* libPods-ios.a in Frameworks */,
			);
			runOnlyForDeploymentPostprocessing = 0;
		};
/* End PBXFrameworksBuildPhase section */

/* Begin PBXGroup section */
		F425CFC71828296E002CABDC /* OSXTests */ = {
			isa = PBXGroup;
			children = (
				F425CFC81828296E002CABDC /* Supporting Files */,
			);
			path = OSXTests;
			sourceTree = "<group>";
		};
		F425CFC81828296E002CABDC /* Supporting Files */ = {
			isa = PBXGroup;
			children = (
				F425CFC91828296E002CABDC /* OSXTests-Info.plist */,
				F425CFCA1828296E002CABDC /* InfoPlist.strings */,
				F425CFCF1828296E002CABDC /* OSXTests-Prefix.pch */,
			);
			name = "Supporting Files";
			sourceTree = "<group>";
		};
		F425CFD5182844D1002CABDC /* Tests */ = {
			isa = PBXGroup;
			children = (
				F425CFD6182844D1002CABDC /* Core */,
				F425CFDD182844D1002CABDC /* Lang */,
			);
			path = Tests;
			sourceTree = "<group>";
		};
		F425CFD6182844D1002CABDC /* Core */ = {
			isa = PBXGroup;
			children = (
				F425CFD7182844D1002CABDC /* NSMomentTests+Add_Substract.m */,
				F425CFD8182844D1002CABDC /* NSMomentTests+Create.m */,
				F425CFD9182844D1002CABDC /* NSMomentTests+Format.m */,
				F425CFDA182844D1002CABDC /* NSMomentTests+Getters_Setters.m */,
				F425CFDB182844D1002CABDC /* NSMomentTests+Helpers.m */,
				F425CFDC182844D1002CABDC /* NSMomentTests+SOD_EOD.m */,
			);
			path = Core;
			sourceTree = "<group>";
		};
		F425CFDD182844D1002CABDC /* Lang */ = {
			isa = PBXGroup;
			children = (
				C66C7A071835554D00098659 /* NSMomentTest+LangNl.m */,
				F425CFDE182844D1002CABDC /* NSMomentTest+LangEn.m */,
				F425CFDF182844D1002CABDC /* NSMomentTest+LangEs.m */,
				F425CFE0182844D1002CABDC /* NSMomentTest+LangFr.m */,
				F425CFE1182844D1002CABDC /* NSMomentTest+LangSq.m */,
			);
			path = Lang;
			sourceTree = "<group>";
		};
		F4605D09181C326A007F83EF = {
			isa = PBXGroup;
			children = (
				F425CFD5182844D1002CABDC /* Tests */,
				F4605D35181C33AA007F83EF /* iOSTests */,
				F425CFC71828296E002CABDC /* OSXTests */,
				F4605D2E181C33AA007F83EF /* Frameworks */,
				F4DD860A18292B79008D0D88 /* Products */,
				2F21035625A34A29A4656C6A /* Pods-ios.xcconfig */,
				D38986F8261947CDA37C4DDE /* Pods-osx.xcconfig */,
			);
			sourceTree = "<group>";
		};
		F4605D2E181C33AA007F83EF /* Frameworks */ = {
			isa = PBXGroup;
			children = (
				F4605D43181C33EA007F83EF /* Foundation.framework */,
				F4605D45181C33F2007F83EF /* UIKit.framework */,
				F4605D41181C33E3007F83EF /* XCTest.framework */,
				ADC09F2AE9564D008900DA94 /* libPods-ios.a */,
				AE61FE220675422EAEE6FB3F /* libPods-osx.a */,
			);
			name = Frameworks;
			sourceTree = "<group>";
		};
		F4605D35181C33AA007F83EF /* iOSTests */ = {
			isa = PBXGroup;
			children = (
				F4605D36181C33AA007F83EF /* Supporting Files */,
			);
			path = iOSTests;
			sourceTree = "<group>";
		};
		F4605D36181C33AA007F83EF /* Supporting Files */ = {
			isa = PBXGroup;
			children = (
				F4605D37181C33AA007F83EF /* iOSTests-Info.plist */,
				F4605D38181C33AA007F83EF /* InfoPlist.strings */,
				F4605D3D181C33AA007F83EF /* iOSTests-Prefix.pch */,
			);
			name = "Supporting Files";
			sourceTree = "<group>";
		};
		F4DD860A18292B79008D0D88 /* Products */ = {
			isa = PBXGroup;
			children = (
				F425CFC018282516002CABDC /* iOSTests.xctest */,
				F425CFC51828296E002CABDC /* OSXTests.xctest */,
			);
			name = Products;
			sourceTree = "<group>";
		};
/* End PBXGroup section */

/* Begin PBXNativeTarget section */
		F425CFC41828296E002CABDC /* OSXTests */ = {
			isa = PBXNativeTarget;
			buildConfigurationList = F425CFD21828296E002CABDC /* Build configuration list for PBXNativeTarget "OSXTests" */;
			buildPhases = (
				C046DAF74BAA4A0E9999F383 /* Check Pods Manifest.lock */,
				F425CFC11828296E002CABDC /* Sources */,
				F425CFC21828296E002CABDC /* Frameworks */,
				F425CFC31828296E002CABDC /* Resources */,
				39502A1232304B5AA75BF740 /* Copy Pods Resources */,
			);
			buildRules = (
			);
			dependencies = (
			);
			name = OSXTests;
			productName = OSXTests;
			productReference = F425CFC51828296E002CABDC /* OSXTests.xctest */;
			productType = "com.apple.product-type.bundle.unit-test";
		};
		F4605D2C181C33AA007F83EF /* iOSTests */ = {
			isa = PBXNativeTarget;
			buildConfigurationList = F4605D3E181C33AA007F83EF /* Build configuration list for PBXNativeTarget "iOSTests" */;
			buildPhases = (
				720CE271DFCB4ED1B5066E61 /* Check Pods Manifest.lock */,
				F4605D29181C33AA007F83EF /* Sources */,
				F4605D2A181C33AA007F83EF /* Frameworks */,
				F4605D2B181C33AA007F83EF /* Resources */,
				AFEE106CC02B479C86C003CA /* Copy Pods Resources */,
			);
			buildRules = (
			);
			dependencies = (
			);
			name = iOSTests;
			productName = iOSTests;
			productReference = F425CFC018282516002CABDC /* iOSTests.xctest */;
			productType = "com.apple.product-type.bundle.unit-test";
		};
/* End PBXNativeTarget section */

/* Begin PBXProject section */
		F4605D0A181C326A007F83EF /* Project object */ = {
			isa = PBXProject;
			attributes = {
				LastUpgradeCheck = 0500;
				ORGANIZATIONNAME = YannickLoriot;
				TargetAttributes = {
					F425CFC41828296E002CABDC = {
						TestTargetID = F4605D2C181C33AA007F83EF;
					};
				};
			};
			buildConfigurationList = F4605D0D181C326A007F83EF /* Build configuration list for PBXProject "NSMomentTests" */;
			compatibilityVersion = "Xcode 3.2";
			developmentRegion = English;
			hasScannedForEncodings = 0;
			knownRegions = (
				en,
				fr,
				es,
				sq,
				it,
			);
			mainGroup = F4605D09181C326A007F83EF;
			productRefGroup = F4605D09181C326A007F83EF;
			projectDirPath = "";
			projectRoot = "";
			targets = (
				F4605D2C181C33AA007F83EF /* iOSTests */,
				F425CFC41828296E002CABDC /* OSXTests */,
			);
		};
/* End PBXProject section */

/* Begin PBXResourcesBuildPhase section */
		F425CFC31828296E002CABDC /* Resources */ = {
			isa = PBXResourcesBuildPhase;
			buildActionMask = 2147483647;
			files = (
				F425CFCC1828296E002CABDC /* InfoPlist.strings in Resources */,
			);
			runOnlyForDeploymentPostprocessing = 0;
		};
		F4605D2B181C33AA007F83EF /* Resources */ = {
			isa = PBXResourcesBuildPhase;
			buildActionMask = 2147483647;
			files = (
				F4605D3A181C33AA007F83EF /* InfoPlist.strings in Resources */,
			);
			runOnlyForDeploymentPostprocessing = 0;
		};
/* End PBXResourcesBuildPhase section */

/* Begin PBXShellScriptBuildPhase section */
		39502A1232304B5AA75BF740 /* Copy Pods Resources */ = {
			isa = PBXShellScriptBuildPhase;
			buildActionMask = 2147483647;
			files = (
			);
			inputPaths = (
			);
			name = "Copy Pods Resources";
			outputPaths = (
			);
			runOnlyForDeploymentPostprocessing = 0;
			shellPath = /bin/sh;
			shellScript = "\"${SRCROOT}/Pods/Pods-osx-resources.sh\"\n";
			showEnvVarsInLog = 0;
		};
		720CE271DFCB4ED1B5066E61 /* Check Pods Manifest.lock */ = {
			isa = PBXShellScriptBuildPhase;
			buildActionMask = 2147483647;
			files = (
			);
			inputPaths = (
			);
			name = "Check Pods Manifest.lock";
			outputPaths = (
			);
			runOnlyForDeploymentPostprocessing = 0;
			shellPath = /bin/sh;
			shellScript = "diff \"${PODS_ROOT}/../Podfile.lock\" \"${PODS_ROOT}/Manifest.lock\" > /dev/null\nif [[ $? != 0 ]] ; then\n    cat << EOM\nerror: The sandbox is not in sync with the Podfile.lock. Run 'pod install' or update your CocoaPods installation.\nEOM\n    exit 1\nfi\n";
		};
		AFEE106CC02B479C86C003CA /* Copy Pods Resources */ = {
			isa = PBXShellScriptBuildPhase;
			buildActionMask = 2147483647;
			files = (
			);
			inputPaths = (
			);
			name = "Copy Pods Resources";
			outputPaths = (
			);
			runOnlyForDeploymentPostprocessing = 0;
			shellPath = /bin/sh;
			shellScript = "\"${SRCROOT}/Pods/Pods-ios-resources.sh\"\n";
			showEnvVarsInLog = 0;
		};
		C046DAF74BAA4A0E9999F383 /* Check Pods Manifest.lock */ = {
			isa = PBXShellScriptBuildPhase;
			buildActionMask = 2147483647;
			files = (
			);
			inputPaths = (
			);
			name = "Check Pods Manifest.lock";
			outputPaths = (
			);
			runOnlyForDeploymentPostprocessing = 0;
			shellPath = /bin/sh;
			shellScript = "diff \"${PODS_ROOT}/../Podfile.lock\" \"${PODS_ROOT}/Manifest.lock\" > /dev/null\nif [[ $? != 0 ]] ; then\n    cat << EOM\nerror: The sandbox is not in sync with the Podfile.lock. Run 'pod install' or update your CocoaPods installation.\nEOM\n    exit 1\nfi\n";
			showEnvVarsInLog = 0;
		};
/* End PBXShellScriptBuildPhase section */

/* Begin PBXSourcesBuildPhase section */
		F425CFC11828296E002CABDC /* Sources */ = {
			isa = PBXSourcesBuildPhase;
			buildActionMask = 2147483647;
			files = (
				F425CFEC182844E1002CABDC /* NSMomentTests+Add_Substract.m in Sources */,
				F425CFED182844E1002CABDC /* NSMomentTests+Create.m in Sources */,
				F425CFEE182844E1002CABDC /* NSMomentTests+Format.m in Sources */,
				F425CFEF182844E1002CABDC /* NSMomentTests+Getters_Setters.m in Sources */,
				F425CFF0182844E1002CABDC /* NSMomentTests+Helpers.m in Sources */,
				F425CFF1182844E1002CABDC /* NSMomentTests+SOD_EOD.m in Sources */,
				F425CFF2182844E1002CABDC /* NSMomentTest+LangEn.m in Sources */,
				F425CFF3182844E1002CABDC /* NSMomentTest+LangEs.m in Sources */,
				F425CFF4182844E1002CABDC /* NSMomentTest+LangFr.m in Sources */,
				F425CFF5182844E1002CABDC /* NSMomentTest+LangSq.m in Sources */,
			);
			runOnlyForDeploymentPostprocessing = 0;
		};
		F4605D29181C33AA007F83EF /* Sources */ = {
			isa = PBXSourcesBuildPhase;
			buildActionMask = 2147483647;
			files = (
				F425CFE5182844D1002CABDC /* NSMomentTests+Getters_Setters.m in Sources */,
				F425CFE3182844D1002CABDC /* NSMomentTests+Create.m in Sources */,
				F425CFEA182844D1002CABDC /* NSMomentTest+LangFr.m in Sources */,
				F425CFE8182844D1002CABDC /* NSMomentTest+LangEn.m in Sources */,
				F425CFE6182844D1002CABDC /* NSMomentTests+Helpers.m in Sources */,
				F425CFE4182844D1002CABDC /* NSMomentTests+Format.m in Sources */,
				C66C7A081835554D00098659 /* NSMomentTest+LangNl.m in Sources */,
				F425CFEB182844D1002CABDC /* NSMomentTest+LangSq.m in Sources */,
				F425CFE7182844D1002CABDC /* NSMomentTests+SOD_EOD.m in Sources */,
				F425CFE9182844D1002CABDC /* NSMomentTest+LangEs.m in Sources */,
				F425CFE2182844D1002CABDC /* NSMomentTests+Add_Substract.m in Sources */,
			);
			runOnlyForDeploymentPostprocessing = 0;
		};
/* End PBXSourcesBuildPhase section */

/* Begin PBXVariantGroup section */
		F425CFCA1828296E002CABDC /* InfoPlist.strings */ = {
			isa = PBXVariantGroup;
			children = (
				F425CFCB1828296E002CABDC /* en */,
			);
			name = InfoPlist.strings;
			sourceTree = "<group>";
		};
		F4605D38181C33AA007F83EF /* InfoPlist.strings */ = {
			isa = PBXVariantGroup;
			children = (
				F4605D39181C33AA007F83EF /* en */,
			);
			name = InfoPlist.strings;
			sourceTree = "<group>";
		};
/* End PBXVariantGroup section */

/* Begin XCBuildConfiguration section */
		F425CFD31828296E002CABDC /* Debug */ = {
			isa = XCBuildConfiguration;
			baseConfigurationReference = D38986F8261947CDA37C4DDE /* Pods-osx.xcconfig */;
			buildSettings = {
				ALWAYS_SEARCH_USER_PATHS = NO;
				CLANG_CXX_LANGUAGE_STANDARD = "gnu++0x";
				CLANG_CXX_LIBRARY = "libc++";
				CLANG_ENABLE_OBJC_ARC = YES;
				CLANG_WARN_BOOL_CONVERSION = YES;
				CLANG_WARN_CONSTANT_CONVERSION = YES;
				CLANG_WARN_DIRECT_OBJC_ISA_USAGE = YES_ERROR;
				CLANG_WARN_EMPTY_BODY = YES;
				CLANG_WARN_ENUM_CONVERSION = YES;
				CLANG_WARN_INT_CONVERSION = YES;
				CLANG_WARN_OBJC_ROOT_CLASS = YES_ERROR;
				CLANG_WARN__DUPLICATE_METHOD_MATCH = YES;
				COPY_PHASE_STRIP = NO;
				FRAMEWORK_SEARCH_PATHS = (
					"$(DEVELOPER_FRAMEWORKS_DIR)",
					"$(inherited)",
				);
				GCC_C_LANGUAGE_STANDARD = gnu99;
				GCC_DYNAMIC_NO_PIC = NO;
				GCC_ENABLE_OBJC_EXCEPTIONS = YES;
				GCC_OPTIMIZATION_LEVEL = 0;
				GCC_PRECOMPILE_PREFIX_HEADER = YES;
				GCC_PREFIX_HEADER = "OSXTests/OSXTests-Prefix.pch";
				GCC_PREPROCESSOR_DEFINITIONS = (
					"DEBUG=1",
					"$(inherited)",
				);
				GCC_SYMBOLS_PRIVATE_EXTERN = NO;
				GCC_WARN_64_TO_32_BIT_CONVERSION = YES;
				GCC_WARN_ABOUT_RETURN_TYPE = YES_ERROR;
				GCC_WARN_UNDECLARED_SELECTOR = YES;
				GCC_WARN_UNINITIALIZED_AUTOS = YES;
				GCC_WARN_UNUSED_FUNCTION = YES;
				GCC_WARN_UNUSED_VARIABLE = YES;
				INFOPLIST_FILE = "OSXTests/OSXTests-Info.plist";
				MACOSX_DEPLOYMENT_TARGET = 10.8;
				ONLY_ACTIVE_ARCH = NO;
				PRODUCT_NAME = "$(TARGET_NAME)";
				SDKROOT = macosx;
				WRAPPER_EXTENSION = xctest;
			};
			name = Debug;
		};
		F425CFD41828296E002CABDC /* Release */ = {
			isa = XCBuildConfiguration;
			baseConfigurationReference = D38986F8261947CDA37C4DDE /* Pods-osx.xcconfig */;
			buildSettings = {
				ALWAYS_SEARCH_USER_PATHS = NO;
				CLANG_CXX_LANGUAGE_STANDARD = "gnu++0x";
				CLANG_CXX_LIBRARY = "libc++";
				CLANG_ENABLE_OBJC_ARC = YES;
				CLANG_WARN_BOOL_CONVERSION = YES;
				CLANG_WARN_CONSTANT_CONVERSION = YES;
				CLANG_WARN_DIRECT_OBJC_ISA_USAGE = YES_ERROR;
				CLANG_WARN_EMPTY_BODY = YES;
				CLANG_WARN_ENUM_CONVERSION = YES;
				CLANG_WARN_INT_CONVERSION = YES;
				CLANG_WARN_OBJC_ROOT_CLASS = YES_ERROR;
				CLANG_WARN__DUPLICATE_METHOD_MATCH = YES;
				COPY_PHASE_STRIP = YES;
				DEBUG_INFORMATION_FORMAT = "dwarf-with-dsym";
				ENABLE_NS_ASSERTIONS = NO;
				FRAMEWORK_SEARCH_PATHS = (
					"$(DEVELOPER_FRAMEWORKS_DIR)",
					"$(inherited)",
				);
				GCC_C_LANGUAGE_STANDARD = gnu99;
				GCC_ENABLE_OBJC_EXCEPTIONS = YES;
				GCC_PRECOMPILE_PREFIX_HEADER = YES;
				GCC_PREFIX_HEADER = "OSXTests/OSXTests-Prefix.pch";
				GCC_WARN_64_TO_32_BIT_CONVERSION = YES;
				GCC_WARN_ABOUT_RETURN_TYPE = YES_ERROR;
				GCC_WARN_UNDECLARED_SELECTOR = YES;
				GCC_WARN_UNINITIALIZED_AUTOS = YES;
				GCC_WARN_UNUSED_FUNCTION = YES;
				GCC_WARN_UNUSED_VARIABLE = YES;
				INFOPLIST_FILE = "OSXTests/OSXTests-Info.plist";
				MACOSX_DEPLOYMENT_TARGET = 10.8;
				PRODUCT_NAME = "$(TARGET_NAME)";
				SDKROOT = macosx;
				WRAPPER_EXTENSION = xctest;
			};
			name = Release;
		};
		F4605D0E181C326A007F83EF /* Debug */ = {
			isa = XCBuildConfiguration;
			buildSettings = {
				IPHONEOS_DEPLOYMENT_TARGET = 5.0;
				MACOSX_DEPLOYMENT_TARGET = 10.8;
				SDKROOT = iphoneos;
			};
			name = Debug;
		};
		F4605D0F181C326A007F83EF /* Release */ = {
			isa = XCBuildConfiguration;
			buildSettings = {
				IPHONEOS_DEPLOYMENT_TARGET = 5.0;
				MACOSX_DEPLOYMENT_TARGET = 10.8;
				SDKROOT = iphoneos;
			};
			name = Release;
		};
		F4605D3F181C33AA007F83EF /* Debug */ = {
			isa = XCBuildConfiguration;
			baseConfigurationReference = 2F21035625A34A29A4656C6A /* Pods-ios.xcconfig */;
			buildSettings = {
				ALWAYS_SEARCH_USER_PATHS = NO;
				ARCHS = "$(ARCHS_STANDARD_INCLUDING_64_BIT)";
				CLANG_CXX_LANGUAGE_STANDARD = "gnu++0x";
				CLANG_CXX_LIBRARY = "libc++";
				CLANG_ENABLE_MODULES = YES;
				CLANG_ENABLE_OBJC_ARC = YES;
				CLANG_WARN_BOOL_CONVERSION = YES;
				CLANG_WARN_CONSTANT_CONVERSION = YES;
				CLANG_WARN_DIRECT_OBJC_ISA_USAGE = YES_ERROR;
				CLANG_WARN_EMPTY_BODY = YES;
				CLANG_WARN_ENUM_CONVERSION = YES;
				CLANG_WARN_INT_CONVERSION = YES;
				CLANG_WARN_OBJC_ROOT_CLASS = YES_ERROR;
				CLANG_WARN__DUPLICATE_METHOD_MATCH = YES;
				COPY_PHASE_STRIP = NO;
				FRAMEWORK_SEARCH_PATHS = (
					"$(SDKROOT)/Developer/Library/Frameworks",
					"$(inherited)",
					"$(DEVELOPER_FRAMEWORKS_DIR)",
				);
				GCC_C_LANGUAGE_STANDARD = gnu99;
				GCC_DYNAMIC_NO_PIC = NO;
				GCC_OPTIMIZATION_LEVEL = 0;
				GCC_PRECOMPILE_PREFIX_HEADER = YES;
				GCC_PREFIX_HEADER = "iOSTests/iOSTests-Prefix.pch";
				GCC_PREPROCESSOR_DEFINITIONS = (
					"DEBUG=1",
					"$(inherited)",
				);
				GCC_SYMBOLS_PRIVATE_EXTERN = NO;
				GCC_WARN_64_TO_32_BIT_CONVERSION = YES;
				GCC_WARN_ABOUT_RETURN_TYPE = YES_ERROR;
				GCC_WARN_UNDECLARED_SELECTOR = YES;
				GCC_WARN_UNINITIALIZED_AUTOS = YES;
				GCC_WARN_UNUSED_FUNCTION = YES;
				GCC_WARN_UNUSED_VARIABLE = YES;
				INFOPLIST_FILE = "iOSTests/iOSTests-Info.plist";
				IPHONEOS_DEPLOYMENT_TARGET = 5.0;
				MACOSX_DEPLOYMENT_TARGET = "";
				ONLY_ACTIVE_ARCH = NO;
				PRODUCT_NAME = "$(TARGET_NAME)";
				SDKROOT = iphoneos;
				WRAPPER_EXTENSION = xctest;
			};
			name = Debug;
		};
		F4605D40181C33AA007F83EF /* Release */ = {
			isa = XCBuildConfiguration;
			baseConfigurationReference = 2F21035625A34A29A4656C6A /* Pods-ios.xcconfig */;
			buildSettings = {
				ALWAYS_SEARCH_USER_PATHS = NO;
				ARCHS = "$(ARCHS_STANDARD_INCLUDING_64_BIT)";
				CLANG_CXX_LANGUAGE_STANDARD = "gnu++0x";
				CLANG_CXX_LIBRARY = "libc++";
				CLANG_ENABLE_MODULES = YES;
				CLANG_ENABLE_OBJC_ARC = YES;
				CLANG_WARN_BOOL_CONVERSION = YES;
				CLANG_WARN_CONSTANT_CONVERSION = YES;
				CLANG_WARN_DIRECT_OBJC_ISA_USAGE = YES_ERROR;
				CLANG_WARN_EMPTY_BODY = YES;
				CLANG_WARN_ENUM_CONVERSION = YES;
				CLANG_WARN_INT_CONVERSION = YES;
				CLANG_WARN_OBJC_ROOT_CLASS = YES_ERROR;
				CLANG_WARN__DUPLICATE_METHOD_MATCH = YES;
				COPY_PHASE_STRIP = YES;
				ENABLE_NS_ASSERTIONS = NO;
				FRAMEWORK_SEARCH_PATHS = (
					"$(SDKROOT)/Developer/Library/Frameworks",
					"$(inherited)",
					"$(DEVELOPER_FRAMEWORKS_DIR)",
				);
				GCC_C_LANGUAGE_STANDARD = gnu99;
				GCC_PRECOMPILE_PREFIX_HEADER = YES;
				GCC_PREFIX_HEADER = "iOSTests/iOSTests-Prefix.pch";
				GCC_WARN_64_TO_32_BIT_CONVERSION = YES;
				GCC_WARN_ABOUT_RETURN_TYPE = YES_ERROR;
				GCC_WARN_UNDECLARED_SELECTOR = YES;
				GCC_WARN_UNINITIALIZED_AUTOS = YES;
				GCC_WARN_UNUSED_FUNCTION = YES;
				GCC_WARN_UNUSED_VARIABLE = YES;
				INFOPLIST_FILE = "iOSTests/iOSTests-Info.plist";
				IPHONEOS_DEPLOYMENT_TARGET = 5.0;
				MACOSX_DEPLOYMENT_TARGET = "";
				PRODUCT_NAME = "$(TARGET_NAME)";
				SDKROOT = iphoneos;
				VALIDATE_PRODUCT = YES;
				WRAPPER_EXTENSION = xctest;
			};
			name = Release;
		};
/* End XCBuildConfiguration section */

/* Begin XCConfigurationList section */
		F425CFD21828296E002CABDC /* Build configuration list for PBXNativeTarget "OSXTests" */ = {
			isa = XCConfigurationList;
			buildConfigurations = (
				F425CFD31828296E002CABDC /* Debug */,
				F425CFD41828296E002CABDC /* Release */,
			);
			defaultConfigurationIsVisible = 0;
			defaultConfigurationName = Release;
		};
		F4605D0D181C326A007F83EF /* Build configuration list for PBXProject "NSMomentTests" */ = {
			isa = XCConfigurationList;
			buildConfigurations = (
				F4605D0E181C326A007F83EF /* Debug */,
				F4605D0F181C326A007F83EF /* Release */,
			);
			defaultConfigurationIsVisible = 0;
			defaultConfigurationName = Release;
		};
		F4605D3E181C33AA007F83EF /* Build configuration list for PBXNativeTarget "iOSTests" */ = {
			isa = XCConfigurationList;
			buildConfigurations = (
				F4605D3F181C33AA007F83EF /* Debug */,
				F4605D40181C33AA007F83EF /* Release */,
			);
			defaultConfigurationIsVisible = 0;
			defaultConfigurationName = Release;
		};
/* End XCConfigurationList section */
	};
	rootObject = F4605D0A181C326A007F83EF /* Project object */;
}
